
Microsoft Visual Studio Solution File, Format Version 12.00
# Visual Studio Version 17
VisualStudioVersion = 17.9.34622.214
MinimumVisualStudioVersion = 10.0.40219.1
Project("{FAE04EC0-301F-11D3-BF4B-00C04F79EFBC}") = "Gestione_ferramenta", "Gestione_ferramenta.csproj", "{90747201-DC7D-4644-AC0C-87931B36CC19}"
EndProject
Global
	GlobalSection(SolutionConfigurationPlatforms) = preSolution
		Debug|Any CPU = Debug|Any CPU
		Release|Any CPU = Release|Any CPU
	EndGlobalSection
	GlobalSection(ProjectConfigurationPlatforms) = postSolution
		{90747201-DC7D-4644-AC0C-87931B36CC19}.Debug|Any CPU.ActiveCfg = Debug|Any CPU
		{90747201-DC7D-4644-AC0C-87931B36CC19}.Debug|Any CPU.Build.0 = Debug|Any CPU
		{90747201-DC7D-4644-AC0C-87931B36CC19}.Release|Any CPU.ActiveCfg = Release|Any CPU
		{90747201-DC7D-4644-AC0C-87931B36CC19}.Release|Any CPU.Build.0 = Release|Any CPU
	EndGlobalSection
	GlobalSection(SolutionProperties) = preSolution
		HideSolutionNode = FALSE
	EndGlobalSection
	GlobalSection(ExtensibilityGlobals) = postSolution
		SolutionGuid = {C0A46DBE-1257-4E95-BF6B-4CE47C3AAAFB}
	EndGlobalSection
EndGlobal
